
Microsoft Visual Studio Solution File, Format Version 12.00
# Visual Studio Version 16
VisualStudioVersion = 16.0.33423.256
MinimumVisualStudioVersion = 10.0.40219.1
Project("{FAE04EC0-301F-11D3-BF4B-00C04F79EFBC}") = "Game Pacman", "Game Pacman\Game Pacman.csproj", "{69849DCA-3EB7-4A6A-A094-76A5FBFF6348}"
EndProject
Global
	GlobalSection(SolutionConfigurationPlatforms) = preSolution
		Debug|Any CPU = Debug|Any CPU
		Release|Any CPU = Release|Any CPU
	EndGlobalSection
	GlobalSection(ProjectConfigurationPlatforms) = postSolution
		{69849DCA-3EB7-4A6A-A094-76A5FBFF6348}.Debug|Any CPU.ActiveCfg = Debug|Any CPU
		{69849DCA-3EB7-4A6A-A094-76A5FBFF6348}.Debug|Any CPU.Build.0 = Debug|Any CPU
		{69849DCA-3EB7-4A6A-A094-76A5FBFF6348}.Release|Any CPU.ActiveCfg = Release|Any CPU
		{69849DCA-3EB7-4A6A-A094-76A5FBFF6348}.Release|Any CPU.Build.0 = Release|Any CPU
	EndGlobalSection
	GlobalSection(SolutionProperties) = preSolution
		HideSolutionNode = FALSE
	EndGlobalSection
	GlobalSection(ExtensibilityGlobals) = postSolution
		SolutionGuid = {E1E5FB0A-3523-436E-AAE7-B251AB8E613A}
	EndGlobalSection
EndGlobal
