
Microsoft Visual Studio Solution File, Format Version 12.00
# Visual Studio Version 16
VisualStudioVersion = 16.0.33423.256
MinimumVisualStudioVersion = 10.0.40219.1
Project("{FAE04EC0-301F-11D3-BF4B-00C04F79EFBC}") = "Class with main", "Class with main\Class with main.csproj", "{34B79313-E85C-44AF-9BDC-13383D8FAA9E}"
EndProject
Global
	GlobalSection(SolutionConfigurationPlatforms) = preSolution
		Debug|Any CPU = Debug|Any CPU
		Release|Any CPU = Release|Any CPU
	EndGlobalSection
	GlobalSection(ProjectConfigurationPlatforms) = postSolution
		{34B79313-E85C-44AF-9BDC-13383D8FAA9E}.Debug|Any CPU.ActiveCfg = Debug|Any CPU
		{34B79313-E85C-44AF-9BDC-13383D8FAA9E}.Debug|Any CPU.Build.0 = Debug|Any CPU
		{34B79313-E85C-44AF-9BDC-13383D8FAA9E}.Release|Any CPU.ActiveCfg = Release|Any CPU
		{34B79313-E85C-44AF-9BDC-13383D8FAA9E}.Release|Any CPU.Build.0 = Release|Any CPU
	EndGlobalSection
	GlobalSection(SolutionProperties) = preSolution
		HideSolutionNode = FALSE
	EndGlobalSection
	GlobalSection(ExtensibilityGlobals) = postSolution
		SolutionGuid = {8482241A-2CC5-41CD-B82F-0096B4CE039F}
	EndGlobalSection
EndGlobal
