
Microsoft Visual Studio Solution File, Format Version 12.00
# Visual Studio Version 16
VisualStudioVersion = 16.0.33423.256
MinimumVisualStudioVersion = 10.0.40219.1
Project("{FAE04EC0-301F-11D3-BF4B-00C04F79EFBC}") = "SignIn SignUp Win Form", "SignIn SignUp Win Form\SignIn SignUp Win Form.csproj", "{36DBE371-1461-452B-9693-E36AB5D6817A}"
EndProject
Global
	GlobalSection(SolutionConfigurationPlatforms) = preSolution
		Debug|Any CPU = Debug|Any CPU
		Release|Any CPU = Release|Any CPU
	EndGlobalSection
	GlobalSection(ProjectConfigurationPlatforms) = postSolution
		{36DBE371-1461-452B-9693-E36AB5D6817A}.Debug|Any CPU.ActiveCfg = Debug|Any CPU
		{36DBE371-1461-452B-9693-E36AB5D6817A}.Debug|Any CPU.Build.0 = Debug|Any CPU
		{36DBE371-1461-452B-9693-E36AB5D6817A}.Release|Any CPU.ActiveCfg = Release|Any CPU
		{36DBE371-1461-452B-9693-E36AB5D6817A}.Release|Any CPU.Build.0 = Release|Any CPU
	EndGlobalSection
	GlobalSection(SolutionProperties) = preSolution
		HideSolutionNode = FALSE
	EndGlobalSection
	GlobalSection(ExtensibilityGlobals) = postSolution
		SolutionGuid = {FFE06DBA-0BCC-4192-94F8-02F01899DFD5}
	EndGlobalSection
EndGlobal
