
Microsoft Visual Studio Solution File, Format Version 12.00
# Visual Studio Version 16
VisualStudioVersion = 16.0.33423.256
MinimumVisualStudioVersion = 10.0.40219.1
Project("{FAE04EC0-301F-11D3-BF4B-00C04F79EFBC}") = "ghg", "ghg\ghg.csproj", "{37149462-3EBA-490F-86D5-C3AA777EFE2A}"
EndProject
Global
	GlobalSection(SolutionConfigurationPlatforms) = preSolution
		Debug|Any CPU = Debug|Any CPU
		Release|Any CPU = Release|Any CPU
	EndGlobalSection
	GlobalSection(ProjectConfigurationPlatforms) = postSolution
		{37149462-3EBA-490F-86D5-C3AA777EFE2A}.Debug|Any CPU.ActiveCfg = Debug|Any CPU
		{37149462-3EBA-490F-86D5-C3AA777EFE2A}.Debug|Any CPU.Build.0 = Debug|Any CPU
		{37149462-3EBA-490F-86D5-C3AA777EFE2A}.Release|Any CPU.ActiveCfg = Release|Any CPU
		{37149462-3EBA-490F-86D5-C3AA777EFE2A}.Release|Any CPU.Build.0 = Release|Any CPU
	EndGlobalSection
	GlobalSection(SolutionProperties) = preSolution
		HideSolutionNode = FALSE
	EndGlobalSection
	GlobalSection(ExtensibilityGlobals) = postSolution
		SolutionGuid = {6A716FC2-BAD5-42B0-ADB5-3CD23CF88D6F}
	EndGlobalSection
EndGlobal
