
Microsoft Visual Studio Solution File, Format Version 12.00
# Visual Studio Version 16
VisualStudioVersion = 16.0.33423.256
MinimumVisualStudioVersion = 10.0.40219.1
Project("{FAE04EC0-301F-11D3-BF4B-00C04F79EFBC}") = "Static local Variables and static member variable", "Static local Variables and static member variable\Static local Variables and static member variable.csproj", "{F9D4FB3D-B7F3-42CA-830F-C553746D6F5C}"
EndProject
Global
	GlobalSection(SolutionConfigurationPlatforms) = preSolution
		Debug|Any CPU = Debug|Any CPU
		Release|Any CPU = Release|Any CPU
	EndGlobalSection
	GlobalSection(ProjectConfigurationPlatforms) = postSolution
		{F9D4FB3D-B7F3-42CA-830F-C553746D6F5C}.Debug|Any CPU.ActiveCfg = Debug|Any CPU
		{F9D4FB3D-B7F3-42CA-830F-C553746D6F5C}.Debug|Any CPU.Build.0 = Debug|Any CPU
		{F9D4FB3D-B7F3-42CA-830F-C553746D6F5C}.Release|Any CPU.ActiveCfg = Release|Any CPU
		{F9D4FB3D-B7F3-42CA-830F-C553746D6F5C}.Release|Any CPU.Build.0 = Release|Any CPU
	EndGlobalSection
	GlobalSection(SolutionProperties) = preSolution
		HideSolutionNode = FALSE
	EndGlobalSection
	GlobalSection(ExtensibilityGlobals) = postSolution
		SolutionGuid = {CCD3E559-BFD6-448A-AA72-1B234599C472}
	EndGlobalSection
EndGlobal
